{
  "requires": true,
  "lockfileVersion": 1,
  "dependencies": {
    "bootstrap": {
      "version": "3.3.7",
      "resolved": "https://registry.npmjs.org/bootstrap/-/bootstrap-3.3.7.tgz",
      "integrity": "sha1-WjiTlFSfIzMIdaOxUGVldPip63E="
    },
    "ngx-bootstrap": {
      "version": "2.0.0-beta.8",
      "resolved": "https://registry.npmjs.org/ngx-bootstrap/-/ngx-bootstrap-2.0.0-beta.8.tgz",
      "integrity": "sha512-e+3euXDb4nhzxn9kBO4RPWwRaI2ef7Lg+us8Yo2DBfD/Kuk/vl7ksWjoolMFLKEGpcTcKhMT/4BH5dUx+S4AtA=="
    }
  }
}
